// !$*UTF8*$!
{
	archiveVersion = 1;
	classes = {
	};
	objectVersion = 56;
	objects = {

/* Begin PBXBuildFile section */
		659FC9492A1E497000A442E6 /* ProfileTableViewCell.swift in Sources */ = {isa = PBXBuildFile; fileRef = 659FC9472A1E497000A442E6 /* ProfileTableViewCell.swift */; };
		659FC94A2A1E497000A442E6 /* ProfileTableViewCell.xib in Resources */ = {isa = PBXBuildFile; fileRef = 659FC9482A1E497000A442E6 /* ProfileTableViewCell.xib */; };
		659FC94D2A1F2FAE00A442E6 /* MenuTableViewCell.swift in Sources */ = {isa = PBXBuildFile; fileRef = 659FC94B2A1F2FAE00A442E6 /* MenuTableViewCell.swift */; };
		659FC94E2A1F2FAE00A442E6 /* MenuTableViewCell.xib in Resources */ = {isa = PBXBuildFile; fileRef = 659FC94C2A1F2FAE00A442E6 /* MenuTableViewCell.xib */; };
		659FC9502A1F334E00A442E6 /* Model.swift in Sources */ = {isa = PBXBuildFile; fileRef = 659FC94F2A1F334E00A442E6 /* Model.swift */; };
		659FC9552A1F449D00A442E6 /* LogOutTableViewCell.swift in Sources */ = {isa = PBXBuildFile; fileRef = 659FC9532A1F449D00A442E6 /* LogOutTableViewCell.swift */; };
		659FC9562A1F449D00A442E6 /* LogOutTableViewCell.xib in Resources */ = {isa = PBXBuildFile; fileRef = 659FC9542A1F449D00A442E6 /* LogOutTableViewCell.xib */; };
		6E0AA32229FEA7BE00BD99C4 /* AppDelegate.swift in Sources */ = {isa = PBXBuildFile; fileRef = 6E0AA32129FEA7BE00BD99C4 /* AppDelegate.swift */; };
		6E0AA32429FEA7BE00BD99C4 /* SceneDelegate.swift in Sources */ = {isa = PBXBuildFile; fileRef = 6E0AA32329FEA7BE00BD99C4 /* SceneDelegate.swift */; };
		6E0AA32629FEA7BE00BD99C4 /* ViewController.swift in Sources */ = {isa = PBXBuildFile; fileRef = 6E0AA32529FEA7BE00BD99C4 /* ViewController.swift */; };
		6E0AA32929FEA7BE00BD99C4 /* Main.storyboard in Resources */ = {isa = PBXBuildFile; fileRef = 6E0AA32729FEA7BE00BD99C4 /* Main.storyboard */; };
		6E0AA32B29FEA7BF00BD99C4 /* Assets.xcassets in Resources */ = {isa = PBXBuildFile; fileRef = 6E0AA32A29FEA7BF00BD99C4 /* Assets.xcassets */; };
		6E0AA32E29FEA7BF00BD99C4 /* LaunchScreen.storyboard in Resources */ = {isa = PBXBuildFile; fileRef = 6E0AA32C29FEA7BF00BD99C4 /* LaunchScreen.storyboard */; };
/* End PBXBuildFile section */

/* Begin PBXFileReference section */
		659FC9472A1E497000A442E6 /* ProfileTableViewCell.swift */ = {isa = PBXFileReference; lastKnownFileType = sourcecode.swift; path = ProfileTableViewCell.swift; sourceTree = "<group>"; };
		659FC9482A1E497000A442E6 /* ProfileTableViewCell.xib */ = {isa = PBXFileReference; lastKnownFileType = file.xib; path = ProfileTableViewCell.xib; sourceTree = "<group>"; };
		659FC94B2A1F2FAE00A442E6 /* MenuTableViewCell.swift */ = {isa = PBXFileReference; lastKnownFileType = sourcecode.swift; path = MenuTableViewCell.swift; sourceTree = "<group>"; };
		659FC94C2A1F2FAE00A442E6 /* MenuTableViewCell.xib */ = {isa = PBXFileReference; lastKnownFileType = file.xib; path = MenuTableViewCell.xib; sourceTree = "<group>"; };
		659FC94F2A1F334E00A442E6 /* Model.swift */ = {isa = PBXFileReference; lastKnownFileType = sourcecode.swift; path = Model.swift; sourceTree = "<group>"; };
		659FC9532A1F449D00A442E6 /* LogOutTableViewCell.swift */ = {isa = PBXFileReference; lastKnownFileType = sourcecode.swift; path = LogOutTableViewCell.swift; sourceTree = "<group>"; };
		659FC9542A1F449D00A442E6 /* LogOutTableViewCell.xib */ = {isa = PBXFileReference; lastKnownFileType = file.xib; path = LogOutTableViewCell.xib; sourceTree = "<group>"; };
		6E0AA31E29FEA7BE00BD99C4 /* FaceBookProfile.app */ = {isa = PBXFileReference; explicitFileType = wrapper.application; includeInIndex = 0; path = FaceBookProfile.app; sourceTree = BUILT_PRODUCTS_DIR; };
		6E0AA32129FEA7BE00BD99C4 /* AppDelegate.swift */ = {isa = PBXFileReference; lastKnownFileType = sourcecode.swift; path = AppDelegate.swift; sourceTree = "<group>"; };
		6E0AA32329FEA7BE00BD99C4 /* SceneDelegate.swift */ = {isa = PBXFileReference; lastKnownFileType = sourcecode.swift; path = SceneDelegate.swift; sourceTree = "<group>"; };
		6E0AA32529FEA7BE00BD99C4 /* ViewController.swift */ = {isa = PBXFileReference; lastKnownFileType = sourcecode.swift; path = ViewController.swift; sourceTree = "<group>"; };
		6E0AA32829FEA7BE00BD99C4 /* Base */ = {isa = PBXFileReference; lastKnownFileType = file.storyboard; name = Base; path = Base.lproj/Main.storyboard; sourceTree = "<group>"; };
		6E0AA32A29FEA7BF00BD99C4 /* Assets.xcassets */ = {isa = PBXFileReference; lastKnownFileType = folder.assetcatalog; path = Assets.xcassets; sourceTree = "<group>"; };
		6E0AA32D29FEA7BF00BD99C4 /* Base */ = {isa = PBXFileReference; lastKnownFileType = file.storyboard; name = Base; path = Base.lproj/LaunchScreen.storyboard; sourceTree = "<group>"; };
		6E0AA32F29FEA7BF00BD99C4 /* Info.plist */ = {isa = PBXFileReference; lastKnownFileType = text.plist.xml; path = Info.plist; sourceTree = "<group>"; };
/* End PBXFileReference section */

/* Begin PBXFrameworksBuildPhase section */
		6E0AA31B29FEA7BE00BD99C4 /* Frameworks */ = {
			isa = PBXFrameworksBuildPhase;
			buildActionMask = 2147483647;
			files = (
			);
			runOnlyForDeploymentPostprocessing = 0;
		};
/* End PBXFrameworksBuildPhase section */

/* Begin PBXGroup section */
		6E0AA31529FEA7BE00BD99C4 = {
			isa = PBXGroup;
			children = (
				6E0AA32029FEA7BE00BD99C4 /* FaceBookProfile */,
				6E0AA31F29FEA7BE00BD99C4 /* Products */,
			);
			sourceTree = "<group>";
		};
		6E0AA31F29FEA7BE00BD99C4 /* Products */ = {
			isa = PBXGroup;
			children = (
				6E0AA31E29FEA7BE00BD99C4 /* FaceBookProfile.app */,
			);
			name = Products;
			sourceTree = "<group>";
		};
		6E0AA32029FEA7BE00BD99C4 /* FaceBookProfile */ = {
			isa = PBXGroup;
			children = (
				6E0AA32129FEA7BE00BD99C4 /* AppDelegate.swift */,
				6E0AA32329FEA7BE00BD99C4 /* SceneDelegate.swift */,
				6E0AA32529FEA7BE00BD99C4 /* ViewController.swift */,
				6E0AA32729FEA7BE00BD99C4 /* Main.storyboard */,
				6E0AA32A29FEA7BF00BD99C4 /* Assets.xcassets */,
				6E0AA32C29FEA7BF00BD99C4 /* LaunchScreen.storyboard */,
				6E0AA32F29FEA7BF00BD99C4 /* Info.plist */,
				659FC9472A1E497000A442E6 /* ProfileTableViewCell.swift */,
				659FC9482A1E497000A442E6 /* ProfileTableViewCell.xib */,
				659FC94B2A1F2FAE00A442E6 /* MenuTableViewCell.swift */,
				659FC94C2A1F2FAE00A442E6 /* MenuTableViewCell.xib */,
				659FC94F2A1F334E00A442E6 /* Model.swift */,
				659FC9532A1F449D00A442E6 /* LogOutTableViewCell.swift */,
				659FC9542A1F449D00A442E6 /* LogOutTableViewCell.xib */,
			);
			path = FaceBookProfile;
			sourceTree = "<group>";
		};
/* End PBXGroup section */

/* Begin PBXNativeTarget section */
		6E0AA31D29FEA7BE00BD99C4 /* FaceBookProfile */ = {
			isa = PBXNativeTarget;
			buildConfigurationList = 6E0AA33229FEA7BF00BD99C4 /* Build configuration list for PBXNativeTarget "FaceBookProfile" */;
			buildPhases = (
				6E0AA31A29FEA7BE00BD99C4 /* Sources */,
				6E0AA31B29FEA7BE00BD99C4 /* Frameworks */,
				6E0AA31C29FEA7BE00BD99C4 /* Resources */,
			);
			buildRules = (
			);
			dependencies = (
			);
			name = FaceBookProfile;
			productName = FaceBookProfile;
			productReference = 6E0AA31E29FEA7BE00BD99C4 /* FaceBookProfile.app */;
			productType = "com.apple.product-type.application";
		};
/* End PBXNativeTarget section */

/* Begin PBXProject section */
		6E0AA31629FEA7BE00BD99C4 /* Project object */ = {
			isa = PBXProject;
			attributes = {
				BuildIndependentTargetsInParallel = 1;
				LastSwiftUpdateCheck = 1410;
				LastUpgradeCheck = 1410;
				TargetAttributes = {
					6E0AA31D29FEA7BE00BD99C4 = {
						CreatedOnToolsVersion = 14.1;
					};
				};
			};
			buildConfigurationList = 6E0AA31929FEA7BE00BD99C4 /* Build configuration list for PBXProject "FaceBookProfile" */;
			compatibilityVersion = "Xcode 14.0";
			developmentRegion = en;
			hasScannedForEncodings = 0;
			knownRegions = (
				en,
				Base,
			);
			mainGroup = 6E0AA31529FEA7BE00BD99C4;
			productRefGroup = 6E0AA31F29FEA7BE00BD99C4 /* Products */;
			projectDirPath = "";
			projectRoot = "";
			targets = (
				6E0AA31D29FEA7BE00BD99C4 /* FaceBookProfile */,
			);
		};
/* End PBXProject section */

/* Begin PBXResourcesBuildPhase section */
		6E0AA31C29FEA7BE00BD99C4 /* Resources */ = {
			isa = PBXResourcesBuildPhase;
			buildActionMask = 2147483647;
			files = (
				6E0AA32E29FEA7BF00BD99C4 /* LaunchScreen.storyboard in Resources */,
				659FC9562A1F449D00A442E6 /* LogOutTableViewCell.xib in Resources */,
				659FC94A2A1E497000A442E6 /* ProfileTableViewCell.xib in Resources */,
				6E0AA32B29FEA7BF00BD99C4 /* Assets.xcassets in Resources */,
				659FC94E2A1F2FAE00A442E6 /* MenuTableViewCell.xib in Resources */,
				6E0AA32929FEA7BE00BD99C4 /* Main.storyboard in Resources */,
			);
			runOnlyForDeploymentPostprocessing = 0;
		};
/* End PBXResourcesBuildPhase section */

/* Begin PBXSourcesBuildPhase section */
		6E0AA31A29FEA7BE00BD99C4 /* Sources */ = {
			isa = PBXSourcesBuildPhase;
			buildActionMask = 2147483647;
			files = (
				6E0AA32629FEA7BE00BD99C4 /* ViewController.swift in Sources */,
				659FC9552A1F449D00A442E6 /* LogOutTableViewCell.swift in Sources */,
				659FC9492A1E497000A442E6 /* ProfileTableViewCell.swift in Sources */,
				6E0AA32229FEA7BE00BD99C4 /* AppDelegate.swift in Sources */,
				659FC9502A1F334E00A442E6 /* Model.swift in Sources */,
				6E0AA32429FEA7BE00BD99C4 /* SceneDelegate.swift in Sources */,
				659FC94D2A1F2FAE00A442E6 /* MenuTableViewCell.swift in Sources */,
			);
			runOnlyForDeploymentPostprocessing = 0;
		};
/* End PBXSourcesBuildPhase section */

/* Begin PBXVariantGroup section */
		6E0AA32729FEA7BE00BD99C4 /* Main.storyboard */ = {
			isa = PBXVariantGroup;
			children = (
				6E0AA32829FEA7BE00BD99C4 /* Base */,
			);
			name = Main.storyboard;
			sourceTree = "<group>";
		};
		6E0AA32C29FEA7BF00BD99C4 /* LaunchScreen.storyboard */ = {
			isa = PBXVariantGroup;
			children = (
				6E0AA32D29FEA7BF00BD99C4 /* Base */,
			);
			name = LaunchScreen.storyboard;
			sourceTree = "<group>";
		};
/* End PBXVariantGroup section */

/* Begin XCBuildConfiguration section */
		6E0AA33029FEA7BF00BD99C4 /* Debug */ = {
			isa = XCBuildConfiguration;
			buildSettings = {
				ALWAYS_SEARCH_USER_PATHS = NO;
				CLANG_ANALYZER_NONNULL = YES;
				CLANG_ANALYZER_NUMBER_OBJECT_CONVERSION = YES_AGGRESSIVE;
				CLANG_CXX_LANGUAGE_STANDARD = "gnu++20";
				CLANG_ENABLE_MODULES = YES;
				CLANG_ENABLE_OBJC_ARC = YES;
				CLANG_ENABLE_OBJC_WEAK = YES;
				CLANG_WARN_BLOCK_CAPTURE_AUTORELEASING = YES;
				CLANG_WARN_BOOL_CONVERSION = YES;
				CLANG_WARN_COMMA = YES;
				CLANG_WARN_CONSTANT_CONVERSION = YES;
				CLANG_WARN_DEPRECATED_OBJC_IMPLEMENTATIONS = YES;
				CLANG_WARN_DIRECT_OBJC_ISA_USAGE = YES_ERROR;
				CLANG_WARN_DOCUMENTATION_COMMENTS = YES;
				CLANG_WARN_EMPTY_BODY = YES;
				CLANG_WARN_ENUM_CONVERSION = YES;
				CLANG_WARN_INFINITE_RECURSION = YES;
				CLANG_WARN_INT_CONVERSION = YES;
				CLANG_WARN_NON_LITERAL_NULL_CONVERSION = YES;
				CLANG_WARN_OBJC_IMPLICIT_RETAIN_SELF = YES;
				CLANG_WARN_OBJC_LITERAL_CONVERSION = YES;
				CLANG_WARN_OBJC_ROOT_CLASS = YES_ERROR;
				CLANG_WARN_QUOTED_INCLUDE_IN_FRAMEWORK_HEADER = YES;
				CLANG_WARN_RANGE_LOOP_ANALYSIS = YES;
				CLANG_WARN_STRICT_PROTOTYPES = YES;
				CLANG_WARN_SUSPICIOUS_MOVE = YES;
				CLANG_WARN_UNGUARDED_AVAILABILITY = YES_AGGRESSIVE;
				CLANG_WARN_UNREACHABLE_CODE = YES;
				CLANG_WARN__DUPLICATE_METHOD_MATCH = YES;
				COPY_PHASE_STRIP = NO;
				DEBUG_INFORMATION_FORMAT = dwarf;
				ENABLE_STRICT_OBJC_MSGSEND = YES;
				ENABLE_TESTABILITY = YES;
				GCC_C_LANGUAGE_STANDARD = gnu11;
				GCC_DYNAMIC_NO_PIC = NO;
				GCC_NO_COMMON_BLOCKS = YES;
				GCC_OPTIMIZATION_LEVEL = 0;
				GCC_PREPROCESSOR_DEFINITIONS = (
					"DEBUG=1",
					"$(inherited)",
				);
				GCC_WARN_64_TO_32_BIT_CONVERSION = YES;
				GCC_WARN_ABOUT_RETURN_TYPE = YES_ERROR;
				GCC_WARN_UNDECLARED_SELECTOR = YES;
				GCC_WARN_UNINITIALIZED_AUTOS = YES_AGGRESSIVE;
				GCC_WARN_UNUSED_FUNCTION = YES;
				GCC_WARN_UNUSED_VARIABLE = YES;
				IPHONEOS_DEPLOYMENT_TARGET = 16.1;
				MTL_ENABLE_DEBUG_INFO = INCLUDE_SOURCE;
				MTL_FAST_MATH = YES;
				ONLY_ACTIVE_ARCH = YES;
				SDKROOT = iphoneos;
				SWIFT_ACTIVE_COMPILATION_CONDITIONS = DEBUG;
				SWIFT_OPTIMIZATION_LEVEL = "-Onone";
			};
			name = Debug;
		};
		6E0AA33129FEA7BF00BD99C4 /* Release */ = {
			isa = XCBuildConfiguration;
			buildSettings = {
				ALWAYS_SEARCH_USER_PATHS = NO;
				CLANG_ANALYZER_NONNULL = YES;
				CLANG_ANALYZER_NUMBER_OBJECT_CONVERSION = YES_AGGRESSIVE;
				CLANG_CXX_LANGUAGE_STANDARD = "gnu++20";
				CLANG_ENABLE_MODULES = YES;
				CLANG_ENABLE_OBJC_ARC = YES;
				CLANG_ENABLE_OBJC_WEAK = YES;
				CLANG_WARN_BLOCK_CAPTURE_AUTORELEASING = YES;
				CLANG_WARN_BOOL_CONVERSION = YES;
				CLANG_WARN_COMMA = YES;
				CLANG_WARN_CONSTANT_CONVERSION = YES;
				CLANG_WARN_DEPRECATED_OBJC_IMPLEMENTATIONS = YES;
				CLANG_WARN_DIRECT_OBJC_ISA_USAGE = YES_ERROR;
				CLANG_WARN_DOCUMENTATION_COMMENTS = YES;
				CLANG_WARN_EMPTY_BODY = YES;
				CLANG_WARN_ENUM_CONVERSION = YES;
				CLANG_WARN_INFINITE_RECURSION = YES;
				CLANG_WARN_INT_CONVERSION = YES;
				CLANG_WARN_NON_LITERAL_NULL_CONVERSION = YES;
				CLANG_WARN_OBJC_IMPLICIT_RETAIN_SELF = YES;
				CLANG_WARN_OBJC_LITERAL_CONVERSION = YES;
				CLANG_WARN_OBJC_ROOT_CLASS = YES_ERROR;
				CLANG_WARN_QUOTED_INCLUDE_IN_FRAMEWORK_HEADER = YES;
				CLANG_WARN_RANGE_LOOP_ANALYSIS = YES;
				CLANG_WARN_STRICT_PROTOTYPES = YES;
				CLANG_WARN_SUSPICIOUS_MOVE = YES;
				CLANG_WARN_UNGUARDED_AVAILABILITY = YES_AGGRESSIVE;
				CLANG_WARN_UNREACHABLE_CODE = YES;
				CLANG_WARN__DUPLICATE_METHOD_MATCH = YES;
				COPY_PHASE_STRIP = NO;
				DEBUG_INFORMATION_FORMAT = "dwarf-with-dsym";
				ENABLE_NS_ASSERTIONS = NO;
				ENABLE_STRICT_OBJC_MSGSEND = YES;
				GCC_C_LANGUAGE_STANDARD = gnu11;
				GCC_NO_COMMON_BLOCKS = YES;
				GCC_WARN_64_TO_32_BIT_CONVERSION = YES;
				GCC_WARN_ABOUT_RETURN_TYPE = YES_ERROR;
				GCC_WARN_UNDECLARED_SELECTOR = YES;
				GCC_WARN_UNINITIALIZED_AUTOS = YES_AGGRESSIVE;
				GCC_WARN_UNUSED_FUNCTION = YES;
				GCC_WARN_UNUSED_VARIABLE = YES;
				IPHONEOS_DEPLOYMENT_TARGET = 16.1;
				MTL_ENABLE_DEBUG_INFO = NO;
				MTL_FAST_MATH = YES;
				SDKROOT = iphoneos;
				SWIFT_COMPILATION_MODE = wholemodule;
				SWIFT_OPTIMIZATION_LEVEL = "-O";
				VALIDATE_PRODUCT = YES;
			};
			name = Release;
		};
		6E0AA33329FEA7BF00BD99C4 /* Debug */ = {
			isa = XCBuildConfiguration;
			buildSettings = {
				ASSETCATALOG_COMPILER_APPICON_NAME = AppIcon;
				ASSETCATALOG_COMPILER_GLOBAL_ACCENT_COLOR_NAME = AccentColor;
				CODE_SIGN_STYLE = Automatic;
				CURRENT_PROJECT_VERSION = 1;
				GENERATE_INFOPLIST_FILE = YES;
				INFOPLIST_FILE = FaceBookProfile/Info.plist;
				INFOPLIST_KEY_UIApplicationSupportsIndirectInputEvents = YES;
				INFOPLIST_KEY_UILaunchStoryboardName = LaunchScreen;
				INFOPLIST_KEY_UIMainStoryboardFile = Main;
				INFOPLIST_KEY_UISupportedInterfaceOrientations_iPad = "UIInterfaceOrientationPortrait UIInterfaceOrientationPortraitUpsideDown UIInterfaceOrientationLandscapeLeft UIInterfaceOrientationLandscapeRight";
				INFOPLIST_KEY_UISupportedInterfaceOrientations_iPhone = "UIInterfaceOrientationPortrait UIInterfaceOrientationLandscapeLeft UIInterfaceOrientationLandscapeRight";
				LD_RUNPATH_SEARCH_PATHS = (
					"$(inherited)",
					"@executable_path/Frameworks",
				);
				MARKETING_VERSION = 1.0;
				PRODUCT_BUNDLE_IDENTIFIER = com.AKAPUCH.FaceBookProfile;
				PRODUCT_NAME = "$(TARGET_NAME)";
				SWIFT_EMIT_LOC_STRINGS = YES;
				SWIFT_VERSION = 5.0;
				TARGETED_DEVICE_FAMILY = "1,2";
			};
			name = Debug;
		};
		6E0AA33429FEA7BF00BD99C4 /* Release */ = {
			isa = XCBuildConfiguration;
			buildSettings = {
				ASSETCATALOG_COMPILER_APPICON_NAME = AppIcon;
				ASSETCATALOG_COMPILER_GLOBAL_ACCENT_COLOR_NAME = AccentColor;
				CODE_SIGN_STYLE = Automatic;
				CURRENT_PROJECT_VERSION = 1;
				GENERATE_INFOPLIST_FILE = YES;
				INFOPLIST_FILE = FaceBookProfile/Info.plist;
				INFOPLIST_KEY_UIApplicationSupportsIndirectInputEvents = YES;
				INFOPLIST_KEY_UILaunchStoryboardName = LaunchScreen;
				INFOPLIST_KEY_UIMainStoryboardFile = Main;
				INFOPLIST_KEY_UISupportedInterfaceOrientations_iPad = "UIInterfaceOrientationPortrait UIInterfaceOrientationPortraitUpsideDown UIInterfaceOrientationLandscapeLeft UIInterfaceOrientationLandscapeRight";
				INFOPLIST_KEY_UISupportedInterfaceOrientations_iPhone = "UIInterfaceOrientationPortrait UIInterfaceOrientationLandscapeLeft UIInterfaceOrientationLandscapeRight";
				LD_RUNPATH_SEARCH_PATHS = (
					"$(inherited)",
					"@executable_path/Frameworks",
				);
				MARKETING_VERSION = 1.0;
				PRODUCT_BUNDLE_IDENTIFIER = com.AKAPUCH.FaceBookProfile;
				PRODUCT_NAME = "$(TARGET_NAME)";
				SWIFT_EMIT_LOC_STRINGS = YES;
				SWIFT_VERSION = 5.0;
				TARGETED_DEVICE_FAMILY = "1,2";
			};
			name = Release;
		};
/* End XCBuildConfiguration section */

/* Begin XCConfigurationList section */
		6E0AA31929FEA7BE00BD99C4 /* Build configuration list for PBXProject "FaceBookProfile" */ = {
			isa = XCConfigurationList;
			buildConfigurations = (
				6E0AA33029FEA7BF00BD99C4 /* Debug */,
				6E0AA33129FEA7BF00BD99C4 /* Release */,
			);
			defaultConfigurationIsVisible = 0;
			defaultConfigurationName = Release;
		};
		6E0AA33229FEA7BF00BD99C4 /* Build configuration list for PBXNativeTarget "FaceBookProfile" */ = {
			isa = XCConfigurationList;
			buildConfigurations = (
				6E0AA33329FEA7BF00BD99C4 /* Debug */,
				6E0AA33429FEA7BF00BD99C4 /* Release */,
			);
			defaultConfigurationIsVisible = 0;
			defaultConfigurationName = Release;
		};
/* End XCConfigurationList section */
	};
	rootObject = 6E0AA31629FEA7BE00BD99C4 /* Project object */;
}
